
Microsoft Visual Studio Solution File, Format Version 12.00
# Visual Studio Version 17
VisualStudioVersion = 17.7.34031.279
MinimumVisualStudioVersion = 10.0.40219.1
Project("{FAE04EC0-301F-11D3-BF4B-00C04F79EFBC}") = "CoreDepartman", "CoreDepartman\CoreDepartman.csproj", "{EDBACECE-EAE9-4014-BC9C-0713B47221ED}"
EndProject
Global
	GlobalSection(SolutionConfigurationPlatforms) = preSolution
		Debug|Any CPU = Debug|Any CPU
		Release|Any CPU = Release|Any CPU
	EndGlobalSection
	GlobalSection(ProjectConfigurationPlatforms) = postSolution
		{EDBACECE-EAE9-4014-BC9C-0713B47221ED}.Debug|Any CPU.ActiveCfg = Debug|Any CPU
		{EDBACECE-EAE9-4014-BC9C-0713B47221ED}.Debug|Any CPU.Build.0 = Debug|Any CPU
		{EDBACECE-EAE9-4014-BC9C-0713B47221ED}.Release|Any CPU.ActiveCfg = Release|Any CPU
		{EDBACECE-EAE9-4014-BC9C-0713B47221ED}.Release|Any CPU.Build.0 = Release|Any CPU
	EndGlobalSection
	GlobalSection(SolutionProperties) = preSolution
		HideSolutionNode = FALSE
	EndGlobalSection
	GlobalSection(ExtensibilityGlobals) = postSolution
		SolutionGuid = {7F349EF7-B12D-4D5B-8322-2BE535B0E74F}
	EndGlobalSection
EndGlobal
